// !$*UTF8*$!
{
	archiveVersion = 1;
	classes = {
	};
	objectVersion = 46;
	objects = {

/* Begin PBXBuildFile section */
		6D5062551F3801B70074E62B /* main.m in Sources */ = {isa = PBXBuildFile; fileRef = 6D5062541F3801B70074E62B /* main.m */; };
		6D5062581F3801B70074E62B /* AppDelegate.m in Sources */ = {isa = PBXBuildFile; fileRef = 6D5062571F3801B70074E62B /* AppDelegate.m */; };
		6D50625B1F3801B70074E62B /* ViewController.m in Sources */ = {isa = PBXBuildFile; fileRef = 6D50625A1F3801B70074E62B /* ViewController.m */; };
		6D50625E1F3801B70074E62B /* Main.storyboard in Resources */ = {isa = PBXBuildFile; fileRef = 6D50625C1F3801B70074E62B /* Main.storyboard */; };
		6D5062601F3801B70074E62B /* Assets.xcassets in Resources */ = {isa = PBXBuildFile; fileRef = 6D50625F1F3801B70074E62B /* Assets.xcassets */; };
		6D5062631F3801B70074E62B /* LaunchScreen.storyboard in Resources */ = {isa = PBXBuildFile; fileRef = 6D5062611F3801B70074E62B /* LaunchScreen.storyboard */; };
		6D50626E1F3801B70074E62B /* GitUseTestTests.m in Sources */ = {isa = PBXBuildFile; fileRef = 6D50626D1F3801B70074E62B /* GitUseTestTests.m */; };
		6D5062791F3801B70074E62B /* GitUseTestUITests.m in Sources */ = {isa = PBXBuildFile; fileRef = 6D5062781F3801B70074E62B /* GitUseTestUITests.m */; };
/* End PBXBuildFile section */

/* Begin PBXContainerItemProxy section */
		6D50626A1F3801B70074E62B /* PBXContainerItemProxy */ = {
			isa = PBXContainerItemProxy;
			containerPortal = 6D5062481F3801B70074E62B /* Project object */;
			proxyType = 1;
			remoteGlobalIDString = 6D50624F1F3801B70074E62B;
			remoteInfo = GitUseTest;
		};
		6D5062751F3801B70074E62B /* PBXContainerItemProxy */ = {
			isa = PBXContainerItemProxy;
			containerPortal = 6D5062481F3801B70074E62B /* Project object */;
			proxyType = 1;
			remoteGlobalIDString = 6D50624F1F3801B70074E62B;
			remoteInfo = GitUseTest;
		};
/* End PBXContainerItemProxy section */

/* Begin PBXFileReference section */
		6D5062501F3801B70074E62B /* GitUseTest.app */ = {isa = PBXFileReference; explicitFileType = wrapper.application; includeInIndex = 0; path = GitUseTest.app; sourceTree = BUILT_PRODUCTS_DIR; };
		6D5062541F3801B70074E62B /* main.m */ = {isa = PBXFileReference; lastKnownFileType = sourcecode.c.objc; path = main.m; sourceTree = "<group>"; };
		6D5062561F3801B70074E62B /* AppDelegate.h */ = {isa = PBXFileReference; lastKnownFileType = sourcecode.c.h; path = AppDelegate.h; sourceTree = "<group>"; };
		6D5062571F3801B70074E62B /* AppDelegate.m */ = {isa = PBXFileReference; lastKnownFileType = sourcecode.c.objc; path = AppDelegate.m; sourceTree = "<group>"; };
		6D5062591F3801B70074E62B /* ViewController.h */ = {isa = PBXFileReference; lastKnownFileType = sourcecode.c.h; path = ViewController.h; sourceTree = "<group>"; };
		6D50625A1F3801B70074E62B /* ViewController.m */ = {isa = PBXFileReference; lastKnownFileType = sourcecode.c.objc; path = ViewController.m; sourceTree = "<group>"; };
		6D50625D1F3801B70074E62B /* Base */ = {isa = PBXFileReference; lastKnownFileType = file.storyboard; name = Base; path = Base.lproj/Main.storyboard; sourceTree = "<group>"; };
		6D50625F1F3801B70074E62B /* Assets.xcassets */ = {isa = PBXFileReference; lastKnownFileType = folder.assetcatalog; path = Assets.xcassets; sourceTree = "<group>"; };
		6D5062621F3801B70074E62B /* Base */ = {isa = PBXFileReference; lastKnownFileType = file.storyboard; name = Base; path = Base.lproj/LaunchScreen.storyboard; sourceTree = "<group>"; };
		6D5062641F3801B70074E62B /* Info.plist */ = {isa = PBXFileReference; lastKnownFileType = text.plist.xml; path = Info.plist; sourceTree = "<group>"; };
		6D5062691F3801B70074E62B /* GitUseTestTests.xctest */ = {isa = PBXFileReference; explicitFileType = wrapper.cfbundle; includeInIndex = 0; path = GitUseTestTests.xctest; sourceTree = BUILT_PRODUCTS_DIR; };
		6D50626D1F3801B70074E62B /* GitUseTestTests.m */ = {isa = PBXFileReference; lastKnownFileType = sourcecode.c.objc; path = GitUseTestTests.m; sourceTree = "<group>"; };
		6D50626F1F3801B70074E62B /* Info.plist */ = {isa = PBXFileReference; lastKnownFileType = text.plist.xml; path = Info.plist; sourceTree = "<group>"; };
		6D5062741F3801B70074E62B /* GitUseTestUITests.xctest */ = {isa = PBXFileReference; explicitFileType = wrapper.cfbundle; includeInIndex = 0; path = GitUseTestUITests.xctest; sourceTree = BUILT_PRODUCTS_DIR; };
		6D5062781F3801B70074E62B /* GitUseTestUITests.m */ = {isa = PBXFileReference; lastKnownFileType = sourcecode.c.objc; path = GitUseTestUITests.m; sourceTree = "<group>"; };
		6D50627A1F3801B70074E62B /* Info.plist */ = {isa = PBXFileReference; lastKnownFileType = text.plist.xml; path = Info.plist; sourceTree = "<group>"; };
/* End PBXFileReference section */

/* Begin PBXFrameworksBuildPhase section */
		6D50624D1F3801B70074E62B /* Frameworks */ = {
			isa = PBXFrameworksBuildPhase;
			buildActionMask = 2147483647;
			files = (
			);
			runOnlyForDeploymentPostprocessing = 0;
		};
		6D5062661F3801B70074E62B /* Frameworks */ = {
			isa = PBXFrameworksBuildPhase;
			buildActionMask = 2147483647;
			files = (
			);
			runOnlyForDeploymentPostprocessing = 0;
		};
		6D5062711F3801B70074E62B /* Frameworks */ = {
			isa = PBXFrameworksBuildPhase;
			buildActionMask = 2147483647;
			files = (
			);
			runOnlyForDeploymentPostprocessing = 0;
		};
/* End PBXFrameworksBuildPhase section */

/* Begin PBXGroup section */
		6D5062471F3801B70074E62B = {
			isa = PBXGroup;
			children = (
				6D5062521F3801B70074E62B /* GitUseTest */,
				6D50626C1F3801B70074E62B /* GitUseTestTests */,
				6D5062771F3801B70074E62B /* GitUseTestUITests */,
				6D5062511F3801B70074E62B /* Products */,
			);
			sourceTree = "<group>";
		};
		6D5062511F3801B70074E62B /* Products */ = {
			isa = PBXGroup;
			children = (
				6D5062501F3801B70074E62B /* GitUseTest.app */,
				6D5062691F3801B70074E62B /* GitUseTestTests.xctest */,
				6D5062741F3801B70074E62B /* GitUseTestUITests.xctest */,
			);
			name = Products;
			sourceTree = "<group>";
		};
		6D5062521F3801B70074E62B /* GitUseTest */ = {
			isa = PBXGroup;
			children = (
				6D5062561F3801B70074E62B /* AppDelegate.h */,
				6D5062571F3801B70074E62B /* AppDelegate.m */,
				6D5062591F3801B70074E62B /* ViewController.h */,
				6D50625A1F3801B70074E62B /* ViewController.m */,
				6D50625C1F3801B70074E62B /* Main.storyboard */,
				6D50625F1F3801B70074E62B /* Assets.xcassets */,
				6D5062611F3801B70074E62B /* LaunchScreen.storyboard */,
				6D5062641F3801B70074E62B /* Info.plist */,
				6D5062531F3801B70074E62B /* Supporting Files */,
			);
			path = GitUseTest;
			sourceTree = "<group>";
		};
		6D5062531F3801B70074E62B /* Supporting Files */ = {
			isa = PBXGroup;
			children = (
				6D5062541F3801B70074E62B /* main.m */,
			);
			name = "Supporting Files";
			sourceTree = "<group>";
		};
		6D50626C1F3801B70074E62B /* GitUseTestTests */ = {
			isa = PBXGroup;
			children = (
				6D50626D1F3801B70074E62B /* GitUseTestTests.m */,
				6D50626F1F3801B70074E62B /* Info.plist */,
			);
			path = GitUseTestTests;
			sourceTree = "<group>";
		};
		6D5062771F3801B70074E62B /* GitUseTestUITests */ = {
			isa = PBXGroup;
			children = (
				6D5062781F3801B70074E62B /* GitUseTestUITests.m */,
				6D50627A1F3801B70074E62B /* Info.plist */,
			);
			path = GitUseTestUITests;
			sourceTree = "<group>";
		};
/* End PBXGroup section */

/* Begin PBXNativeTarget section */
		6D50624F1F3801B70074E62B /* GitUseTest */ = {
			isa = PBXNativeTarget;
			buildConfigurationList = 6D50627D1F3801B70074E62B /* Build configuration list for PBXNativeTarget "GitUseTest" */;
			buildPhases = (
				6D50624C1F3801B70074E62B /* Sources */,
				6D50624D1F3801B70074E62B /* Frameworks */,
				6D50624E1F3801B70074E62B /* Resources */,
			);
			buildRules = (
			);
			dependencies = (
			);
			name = GitUseTest;
			productName = GitUseTest;
			productReference = 6D5062501F3801B70074E62B /* GitUseTest.app */;
			productType = "com.apple.product-type.application";
		};
		6D5062681F3801B70074E62B /* GitUseTestTests */ = {
			isa = PBXNativeTarget;
			buildConfigurationList = 6D5062801F3801B70074E62B /* Build configuration list for PBXNativeTarget "GitUseTestTests" */;
			buildPhases = (
				6D5062651F3801B70074E62B /* Sources */,
				6D5062661F3801B70074E62B /* Frameworks */,
				6D5062671F3801B70074E62B /* Resources */,
			);
			buildRules = (
			);
			dependencies = (
				6D50626B1F3801B70074E62B /* PBXTargetDependency */,
			);
			name = GitUseTestTests;
			productName = GitUseTestTests;
			productReference = 6D5062691F3801B70074E62B /* GitUseTestTests.xctest */;
			productType = "com.apple.product-type.bundle.unit-test";
		};
		6D5062731F3801B70074E62B /* GitUseTestUITests */ = {
			isa = PBXNativeTarget;
			buildConfigurationList = 6D5062831F3801B70074E62B /* Build configuration list for PBXNativeTarget "GitUseTestUITests" */;
			buildPhases = (
				6D5062701F3801B70074E62B /* Sources */,
				6D5062711F3801B70074E62B /* Frameworks */,
				6D5062721F3801B70074E62B /* Resources */,
			);
			buildRules = (
			);
			dependencies = (
				6D5062761F3801B70074E62B /* PBXTargetDependency */,
			);
			name = GitUseTestUITests;
			productName = GitUseTestUITests;
			productReference = 6D5062741F3801B70074E62B /* GitUseTestUITests.xctest */;
			productType = "com.apple.product-type.bundle.ui-testing";
		};
/* End PBXNativeTarget section */

/* Begin PBXProject section */
		6D5062481F3801B70074E62B /* Project object */ = {
			isa = PBXProject;
			attributes = {
				LastUpgradeCheck = 0800;
				ORGANIZATIONNAME = nd;
				TargetAttributes = {
					6D50624F1F3801B70074E62B = {
						CreatedOnToolsVersion = 8.0;
						DevelopmentTeam = 44K47UNCKU;
						ProvisioningStyle = Manual;
					};
					6D5062681F3801B70074E62B = {
						CreatedOnToolsVersion = 8.0;
						ProvisioningStyle = Automatic;
						TestTargetID = 6D50624F1F3801B70074E62B;
					};
					6D5062731F3801B70074E62B = {
						CreatedOnToolsVersion = 8.0;
						ProvisioningStyle = Automatic;
						TestTargetID = 6D50624F1F3801B70074E62B;
					};
				};
			};
			buildConfigurationList = 6D50624B1F3801B70074E62B /* Build configuration list for PBXProject "GitUseTest" */;
			compatibilityVersion = "Xcode 3.2";
			developmentRegion = English;
			hasScannedForEncodings = 0;
			knownRegions = (
				en,
				Base,
			);
			mainGroup = 6D5062471F3801B70074E62B;
			productRefGroup = 6D5062511F3801B70074E62B /* Products */;
			projectDirPath = "";
			projectRoot = "";
			targets = (
				6D50624F1F3801B70074E62B /* GitUseTest */,
				6D5062681F3801B70074E62B /* GitUseTestTests */,
				6D5062731F3801B70074E62B /* GitUseTestUITests */,
			);
		};
/* End PBXProject section */

/* Begin PBXResourcesBuildPhase section */
		6D50624E1F3801B70074E62B /* Resources */ = {
			isa = PBXResourcesBuildPhase;
			buildActionMask = 2147483647;
			files = (
				6D5062631F3801B70074E62B /* LaunchScreen.storyboard in Resources */,
				6D5062601F3801B70074E62B /* Assets.xcassets in Resources */,
				6D50625E1F3801B70074E62B /* Main.storyboard in Resources */,
			);
			runOnlyForDeploymentPostprocessing = 0;
		};
		6D5062671F3801B70074E62B /* Resources */ = {
			isa = PBXResourcesBuildPhase;
			buildActionMask = 2147483647;
			files = (
			);
			runOnlyForDeploymentPostprocessing = 0;
		};
		6D5062721F3801B70074E62B /* Resources */ = {
			isa = PBXResourcesBuildPhase;
			buildActionMask = 2147483647;
			files = (
			);
			runOnlyForDeploymentPostprocessing = 0;
		};
/* End PBXResourcesBuildPhase section */

/* Begin PBXSourcesBuildPhase section */
		6D50624C1F3801B70074E62B /* Sources */ = {
			isa = PBXSourcesBuildPhase;
			buildActionMask = 2147483647;
			files = (
				6D50625B1F3801B70074E62B /* ViewController.m in Sources */,
				6D5062581F3801B70074E62B /* AppDelegate.m in Sources */,
				6D5062551F3801B70074E62B /* main.m in Sources */,
			);
			runOnlyForDeploymentPostprocessing = 0;
		};
		6D5062651F3801B70074E62B /* Sources */ = {
			isa = PBXSourcesBuildPhase;
			buildActionMask = 2147483647;
			files = (
				6D50626E1F3801B70074E62B /* GitUseTestTests.m in Sources */,
			);
			runOnlyForDeploymentPostprocessing = 0;
		};
		6D5062701F3801B70074E62B /* Sources */ = {
			isa = PBXSourcesBuildPhase;
			buildActionMask = 2147483647;
			files = (
				6D5062791F3801B70074E62B /* GitUseTestUITests.m in Sources */,
			);
			runOnlyForDeploymentPostprocessing = 0;
		};
/* End PBXSourcesBuildPhase section */

/* Begin PBXTargetDependency section */
		6D50626B1F3801B70074E62B /* PBXTargetDependency */ = {
			isa = PBXTargetDependency;
			target = 6D50624F1F3801B70074E62B /* GitUseTest */;
			targetProxy = 6D50626A1F3801B70074E62B /* PBXContainerItemProxy */;
		};
		6D5062761F3801B70074E62B /* PBXTargetDependency */ = {
			isa = PBXTargetDependency;
			target = 6D50624F1F3801B70074E62B /* GitUseTest */;
			targetProxy = 6D5062751F3801B70074E62B /* PBXContainerItemProxy */;
		};
/* End PBXTargetDependency section */

/* Begin PBXVariantGroup section */
		6D50625C1F3801B70074E62B /* Main.storyboard */ = {
			isa = PBXVariantGroup;
			children = (
				6D50625D1F3801B70074E62B /* Base */,
			);
			name = Main.storyboard;
			sourceTree = "<group>";
		};
		6D5062611F3801B70074E62B /* LaunchScreen.storyboard */ = {
			isa = PBXVariantGroup;
			children = (
				6D5062621F3801B70074E62B /* Base */,
			);
			name = LaunchScreen.storyboard;
			sourceTree = "<group>";
		};
/* End PBXVariantGroup section */

/* Begin XCBuildConfiguration section */
		6D50627B1F3801B70074E62B /* Debug */ = {
			isa = XCBuildConfiguration;
			buildSettings = {
				ALWAYS_SEARCH_USER_PATHS = NO;
				CLANG_ANALYZER_NONNULL = YES;
				CLANG_CXX_LANGUAGE_STANDARD = "gnu++0x";
				CLANG_CXX_LIBRARY = "libc++";
				CLANG_ENABLE_MODULES = YES;
				CLANG_ENABLE_OBJC_ARC = YES;
				CLANG_WARN_BOOL_CONVERSION = YES;
				CLANG_WARN_CONSTANT_CONVERSION = YES;
				CLANG_WARN_DIRECT_OBJC_ISA_USAGE = YES_ERROR;
				CLANG_WARN_DOCUMENTATION_COMMENTS = YES;
				CLANG_WARN_EMPTY_BODY = YES;
				CLANG_WARN_ENUM_CONVERSION = YES;
				CLANG_WARN_INFINITE_RECURSION = YES;
				CLANG_WARN_INT_CONVERSION = YES;
				CLANG_WARN_OBJC_ROOT_CLASS = YES_ERROR;
				CLANG_WARN_SUSPICIOUS_MOVES = YES;
				CLANG_WARN_UNREACHABLE_CODE = YES;
				CLANG_WARN__DUPLICATE_METHOD_MATCH = YES;
				"CODE_SIGN_IDENTITY[sdk=iphoneos*]" = "iPhone Developer";
				COPY_PHASE_STRIP = NO;
				DEBUG_INFORMATION_FORMAT = dwarf;
				ENABLE_STRICT_OBJC_MSGSEND = YES;
				ENABLE_TESTABILITY = YES;
				GCC_C_LANGUAGE_STANDARD = gnu99;
				GCC_DYNAMIC_NO_PIC = NO;
				GCC_NO_COMMON_BLOCKS = YES;
				GCC_OPTIMIZATION_LEVEL = 0;
				GCC_PREPROCESSOR_DEFINITIONS = (
					"DEBUG=1",
					"$(inherited)",
				);
				GCC_WARN_64_TO_32_BIT_CONVERSION = YES;
				GCC_WARN_ABOUT_RETURN_TYPE = YES_ERROR;
				GCC_WARN_UNDECLARED_SELECTOR = YES;
				GCC_WARN_UNINITIALIZED_AUTOS = YES_AGGRESSIVE;
				GCC_WARN_UNUSED_FUNCTION = YES;
				GCC_WARN_UNUSED_VARIABLE = YES;
				IPHONEOS_DEPLOYMENT_TARGET = 10.0;
				MTL_ENABLE_DEBUG_INFO = YES;
				ONLY_ACTIVE_ARCH = YES;
				SDKROOT = iphoneos;
			};
			name = Debug;
		};
		6D50627C1F3801B70074E62B /* Release */ = {
			isa = XCBuildConfiguration;
			buildSettings = {
				ALWAYS_SEARCH_USER_PATHS = NO;
				CLANG_ANALYZER_NONNULL = YES;
				CLANG_CXX_LANGUAGE_STANDARD = "gnu++0x";
				CLANG_CXX_LIBRARY = "libc++";
				CLANG_ENABLE_MODULES = YES;
				CLANG_ENABLE_OBJC_ARC = YES;
				CLANG_WARN_BOOL_CONVERSION = YES;
				CLANG_WARN_CONSTANT_CONVERSION = YES;
				CLANG_WARN_DIRECT_OBJC_ISA_USAGE = YES_ERROR;
				CLANG_WARN_DOCUMENTATION_COMMENTS = YES;
				CLANG_WARN_EMPTY_BODY = YES;
				CLANG_WARN_ENUM_CONVERSION = YES;
				CLANG_WARN_INFINITE_RECURSION = YES;
				CLANG_WARN_INT_CONVERSION = YES;
				CLANG_WARN_OBJC_ROOT_CLASS = YES_ERROR;
				CLANG_WARN_SUSPICIOUS_MOVES = YES;
				CLANG_WARN_UNREACHABLE_CODE = YES;
				CLANG_WARN__DUPLICATE_METHOD_MATCH = YES;
				"CODE_SIGN_IDENTITY[sdk=iphoneos*]" = "iPhone Developer";
				COPY_PHASE_STRIP = NO;
				DEBUG_INFORMATION_FORMAT = "dwarf-with-dsym";
				ENABLE_NS_ASSERTIONS = NO;
				ENABLE_STRICT_OBJC_MSGSEND = YES;
				GCC_C_LANGUAGE_STANDARD = gnu99;
				GCC_NO_COMMON_BLOCKS = YES;
				GCC_WARN_64_TO_32_BIT_CONVERSION = YES;
				GCC_WARN_ABOUT_RETURN_TYPE = YES_ERROR;
				GCC_WARN_UNDECLARED_SELECTOR = YES;
				GCC_WARN_UNINITIALIZED_AUTOS = YES_AGGRESSIVE;
				GCC_WARN_UNUSED_FUNCTION = YES;
				GCC_WARN_UNUSED_VARIABLE = YES;
				IPHONEOS_DEPLOYMENT_TARGET = 10.0;
				MTL_ENABLE_DEBUG_INFO = NO;
				SDKROOT = iphoneos;
				VALIDATE_PRODUCT = YES;
			};
			name = Release;
		};
		6D50627E1F3801B70074E62B /* Debug */ = {
			isa = XCBuildConfiguration;
			buildSettings = {
				ASSETCATALOG_COMPILER_APPICON_NAME = AppIcon;
				DEVELOPMENT_TEAM = 44K47UNCKU;
				INFOPLIST_FILE = GitUseTest/Info.plist;
				IPHONEOS_DEPLOYMENT_TARGET = 8.0;
				LD_RUNPATH_SEARCH_PATHS = "$(inherited) @executable_path/Frameworks";
				PRODUCT_BUNDLE_IDENTIFIER = "-23.GitUseTest";
				PRODUCT_NAME = "$(TARGET_NAME)";
				PROVISIONING_PROFILE = "d0c78ea6-309a-484e-bd06-8c2996894306";
				PROVISIONING_PROFILE_SPECIFIER = EnterpriseWildcards;
			};
			name = Debug;
		};
		6D50627F1F3801B70074E62B /* Release */ = {
			isa = XCBuildConfiguration;
			buildSettings = {
				ASSETCATALOG_COMPILER_APPICON_NAME = AppIcon;
				DEVELOPMENT_TEAM = 44K47UNCKU;
				INFOPLIST_FILE = GitUseTest/Info.plist;
				IPHONEOS_DEPLOYMENT_TARGET = 8.0;
				LD_RUNPATH_SEARCH_PATHS = "$(inherited) @executable_path/Frameworks";
				PRODUCT_BUNDLE_IDENTIFIER = "-23.GitUseTest";
				PRODUCT_NAME = "$(TARGET_NAME)";
				PROVISIONING_PROFILE = "d0c78ea6-309a-484e-bd06-8c2996894306";
				PROVISIONING_PROFILE_SPECIFIER = EnterpriseWildcards;
			};
			name = Release;
		};
		6D5062811F3801B70074E62B /* Debug */ = {
			isa = XCBuildConfiguration;
			buildSettings = {
				BUNDLE_LOADER = "$(TEST_HOST)";
				INFOPLIST_FILE = GitUseTestTests/Info.plist;
				LD_RUNPATH_SEARCH_PATHS = "$(inherited) @executable_path/Frameworks @loader_path/Frameworks";
				PRODUCT_BUNDLE_IDENTIFIER = "-23.GitUseTestTests";
				PRODUCT_NAME = "$(TARGET_NAME)";
				TEST_HOST = "$(BUILT_PRODUCTS_DIR)/GitUseTest.app/GitUseTest";
			};
			name = Debug;
		};
		6D5062821F3801B70074E62B /* Release */ = {
			isa = XCBuildConfiguration;
			buildSettings = {
				BUNDLE_LOADER = "$(TEST_HOST)";
				INFOPLIST_FILE = GitUseTestTests/Info.plist;
				LD_RUNPATH_SEARCH_PATHS = "$(inherited) @executable_path/Frameworks @loader_path/Frameworks";
				PRODUCT_BUNDLE_IDENTIFIER = "-23.GitUseTestTests";
				PRODUCT_NAME = "$(TARGET_NAME)";
				TEST_HOST = "$(BUILT_PRODUCTS_DIR)/GitUseTest.app/GitUseTest";
			};
			name = Release;
		};
		6D5062841F3801B70074E62B /* Debug */ = {
			isa = XCBuildConfiguration;
			buildSettings = {
				INFOPLIST_FILE = GitUseTestUITests/Info.plist;
				LD_RUNPATH_SEARCH_PATHS = "$(inherited) @executable_path/Frameworks @loader_path/Frameworks";
				PRODUCT_BUNDLE_IDENTIFIER = "-23.GitUseTestUITests";
				PRODUCT_NAME = "$(TARGET_NAME)";
				TEST_TARGET_NAME = GitUseTest;
			};
			name = Debug;
		};
		6D5062851F3801B70074E62B /* Release */ = {
			isa = XCBuildConfiguration;
			buildSettings = {
				INFOPLIST_FILE = GitUseTestUITests/Info.plist;
				LD_RUNPATH_SEARCH_PATHS = "$(inherited) @executable_path/Frameworks @loader_path/Frameworks";
				PRODUCT_BUNDLE_IDENTIFIER = "-23.GitUseTestUITests";
				PRODUCT_NAME = "$(TARGET_NAME)";
				TEST_TARGET_NAME = GitUseTest;
			};
			name = Release;
		};
/* End XCBuildConfiguration section */

/* Begin XCConfigurationList section */
		6D50624B1F3801B70074E62B /* Build configuration list for PBXProject "GitUseTest" */ = {
			isa = XCConfigurationList;
			buildConfigurations = (
				6D50627B1F3801B70074E62B /* Debug */,
				6D50627C1F3801B70074E62B /* Release */,
			);
			defaultConfigurationIsVisible = 0;
			defaultConfigurationName = Release;
		};
		6D50627D1F3801B70074E62B /* Build configuration list for PBXNativeTarget "GitUseTest" */ = {
			isa = XCConfigurationList;
			buildConfigurations = (
				6D50627E1F3801B70074E62B /* Debug */,
				6D50627F1F3801B70074E62B /* Release */,
			);
			defaultConfigurationIsVisible = 0;
		};
		6D5062801F3801B70074E62B /* Build configuration list for PBXNativeTarget "GitUseTestTests" */ = {
			isa = XCConfigurationList;
			buildConfigurations = (
				6D5062811F3801B70074E62B /* Debug */,
				6D5062821F3801B70074E62B /* Release */,
			);
			defaultConfigurationIsVisible = 0;
		};
		6D5062831F3801B70074E62B /* Build configuration list for PBXNativeTarget "GitUseTestUITests" */ = {
			isa = XCConfigurationList;
			buildConfigurations = (
				6D5062841F3801B70074E62B /* Debug */,
				6D5062851F3801B70074E62B /* Release */,
			);
			defaultConfigurationIsVisible = 0;
		};
/* End XCConfigurationList section */
	};
	rootObject = 6D5062481F3801B70074E62B /* Project object */;
}
